// !$*UTF8*$!
{
	archiveVersion = 1;
	classes = {
	};
	objectVersion = 50;
	objects = {

/* Begin PBXBuildFile section */
		70A27CD92687A4E1000CCBD1 /* TouchdownApp.swift in Sources */ = {isa = PBXBuildFile; fileRef = 70A27CD82687A4E1000CCBD1 /* TouchdownApp.swift */; };
		70A27CDB2687A4E1000CCBD1 /* ContentView.swift in Sources */ = {isa = PBXBuildFile; fileRef = 70A27CDA2687A4E1000CCBD1 /* ContentView.swift */; };
		70A27CDD2687A4E3000CCBD1 /* Assets.xcassets in Resources */ = {isa = PBXBuildFile; fileRef = 70A27CDC2687A4E3000CCBD1 /* Assets.xcassets */; };
		70A27CE02687A4E3000CCBD1 /* Preview Assets.xcassets in Resources */ = {isa = PBXBuildFile; fileRef = 70A27CDF2687A4E3000CCBD1 /* Preview Assets.xcassets */; };
		70A27CEB2687A5BB000CCBD1 /* category.json in Resources */ = {isa = PBXBuildFile; fileRef = 70A27CE72687A5BB000CCBD1 /* category.json */; };
		70A27CEC2687A5BB000CCBD1 /* player.json in Resources */ = {isa = PBXBuildFile; fileRef = 70A27CE82687A5BB000CCBD1 /* player.json */; };
		70A27CED2687A5BB000CCBD1 /* product.json in Resources */ = {isa = PBXBuildFile; fileRef = 70A27CE92687A5BB000CCBD1 /* product.json */; };
		70A27CEE2687A5BB000CCBD1 /* brand.json in Resources */ = {isa = PBXBuildFile; fileRef = 70A27CEA2687A5BB000CCBD1 /* brand.json */; };
		70A27CF92687A740000CCBD1 /* Constants.swift in Sources */ = {isa = PBXBuildFile; fileRef = 70A27CF82687A740000CCBD1 /* Constants.swift */; };
		70A27CFB2687A7F0000CCBD1 /* FooterView.swift in Sources */ = {isa = PBXBuildFile; fileRef = 70A27CFA2687A7F0000CCBD1 /* FooterView.swift */; };
		70A27CFD2687AA56000CCBD1 /* NavigationBarView.swift in Sources */ = {isa = PBXBuildFile; fileRef = 70A27CFC2687AA56000CCBD1 /* NavigationBarView.swift */; };
		70A27CFF2687AB47000CCBD1 /* LogoView.swift in Sources */ = {isa = PBXBuildFile; fileRef = 70A27CFE2687AB47000CCBD1 /* LogoView.swift */; };
		70A27D012687BD54000CCBD1 /* PlayerModel.swift in Sources */ = {isa = PBXBuildFile; fileRef = 70A27D002687BD54000CCBD1 /* PlayerModel.swift */; };
		70A27D032687BD86000CCBD1 /* CodableBundleExtension.swift in Sources */ = {isa = PBXBuildFile; fileRef = 70A27D022687BD86000CCBD1 /* CodableBundleExtension.swift */; };
		70A27D052687BECE000CCBD1 /* FeaturedItemView.swift in Sources */ = {isa = PBXBuildFile; fileRef = 70A27D042687BECE000CCBD1 /* FeaturedItemView.swift */; };
		70A27D072687BF49000CCBD1 /* FeaturedTabView.swift in Sources */ = {isa = PBXBuildFile; fileRef = 70A27D062687BF49000CCBD1 /* FeaturedTabView.swift */; };
		70A27D092687C419000CCBD1 /* CategoryModel.swift in Sources */ = {isa = PBXBuildFile; fileRef = 70A27D082687C419000CCBD1 /* CategoryModel.swift */; };
		70A27D0B2687C56D000CCBD1 /* CategoryItemView.swift in Sources */ = {isa = PBXBuildFile; fileRef = 70A27D0A2687C56D000CCBD1 /* CategoryItemView.swift */; };
		70A27D0D2687C690000CCBD1 /* CategoryGridView.swift in Sources */ = {isa = PBXBuildFile; fileRef = 70A27D0C2687C690000CCBD1 /* CategoryGridView.swift */; };
		70A27D0F2687C829000CCBD1 /* SectionView.swift in Sources */ = {isa = PBXBuildFile; fileRef = 70A27D0E2687C829000CCBD1 /* SectionView.swift */; };
		70A27D112687C9EF000CCBD1 /* TitleView.swift in Sources */ = {isa = PBXBuildFile; fileRef = 70A27D102687C9EF000CCBD1 /* TitleView.swift */; };
		70A27D132687CA9F000CCBD1 /* ProductModel.swift in Sources */ = {isa = PBXBuildFile; fileRef = 70A27D122687CA9F000CCBD1 /* ProductModel.swift */; };
		70A27D152687CB32000CCBD1 /* ProductItemView.swift in Sources */ = {isa = PBXBuildFile; fileRef = 70A27D142687CB32000CCBD1 /* ProductItemView.swift */; };
		70A27D172687CDC5000CCBD1 /* BrandModel.swift in Sources */ = {isa = PBXBuildFile; fileRef = 70A27D162687CDC5000CCBD1 /* BrandModel.swift */; };
		70A27D192687CE36000CCBD1 /* BrandItemView.swift in Sources */ = {isa = PBXBuildFile; fileRef = 70A27D182687CE35000CCBD1 /* BrandItemView.swift */; };
		70A27D1B2687CEBC000CCBD1 /* BrandGridView.swift in Sources */ = {isa = PBXBuildFile; fileRef = 70A27D1A2687CEBC000CCBD1 /* BrandGridView.swift */; };
		70A27D1D2687DE10000CCBD1 /* ProductDetailView.swift in Sources */ = {isa = PBXBuildFile; fileRef = 70A27D1C2687DE10000CCBD1 /* ProductDetailView.swift */; };
		70A27D1F2687DEEB000CCBD1 /* NagivationBarDetailView.swift in Sources */ = {isa = PBXBuildFile; fileRef = 70A27D1E2687DEEB000CCBD1 /* NagivationBarDetailView.swift */; };
		70A27D212687E005000CCBD1 /* HeaderDetailView.swift in Sources */ = {isa = PBXBuildFile; fileRef = 70A27D202687E005000CCBD1 /* HeaderDetailView.swift */; };
		70A27D232687E0DA000CCBD1 /* TopPartDetailView.swift in Sources */ = {isa = PBXBuildFile; fileRef = 70A27D222687E0DA000CCBD1 /* TopPartDetailView.swift */; };
		70A27D252687E396000CCBD1 /* CustomShape.swift in Sources */ = {isa = PBXBuildFile; fileRef = 70A27D242687E396000CCBD1 /* CustomShape.swift */; };
		70A27D272687E734000CCBD1 /* RatingsSizesDetailView.swift in Sources */ = {isa = PBXBuildFile; fileRef = 70A27D262687E734000CCBD1 /* RatingsSizesDetailView.swift */; };
		70A27D292687E9CC000CCBD1 /* QuantityFavouriteDetailView.swift in Sources */ = {isa = PBXBuildFile; fileRef = 70A27D282687E9CC000CCBD1 /* QuantityFavouriteDetailView.swift */; };
		70A27D2B2687EBE0000CCBD1 /* AddToCartDetailView.swift in Sources */ = {isa = PBXBuildFile; fileRef = 70A27D2A2687EBE0000CCBD1 /* AddToCartDetailView.swift */; };
		70A27D2D2687EDB5000CCBD1 /* Shop.swift in Sources */ = {isa = PBXBuildFile; fileRef = 70A27D2C2687EDB5000CCBD1 /* Shop.swift */; };
/* End PBXBuildFile section */

/* Begin PBXFileReference section */
		70A27CD52687A4E1000CCBD1 /* Touchdown.app */ = {isa = PBXFileReference; explicitFileType = wrapper.application; includeInIndex = 0; path = Touchdown.app; sourceTree = BUILT_PRODUCTS_DIR; };
		70A27CD82687A4E1000CCBD1 /* TouchdownApp.swift */ = {isa = PBXFileReference; lastKnownFileType = sourcecode.swift; path = TouchdownApp.swift; sourceTree = "<group>"; };
		70A27CDA2687A4E1000CCBD1 /* ContentView.swift */ = {isa = PBXFileReference; lastKnownFileType = sourcecode.swift; path = ContentView.swift; sourceTree = "<group>"; };
		70A27CDC2687A4E3000CCBD1 /* Assets.xcassets */ = {isa = PBXFileReference; lastKnownFileType = folder.assetcatalog; path = Assets.xcassets; sourceTree = "<group>"; };
		70A27CDF2687A4E3000CCBD1 /* Preview Assets.xcassets */ = {isa = PBXFileReference; lastKnownFileType = folder.assetcatalog; path = "Preview Assets.xcassets"; sourceTree = "<group>"; };
		70A27CE12687A4E3000CCBD1 /* Info.plist */ = {isa = PBXFileReference; lastKnownFileType = text.plist.xml; path = Info.plist; sourceTree = "<group>"; };
		70A27CE72687A5BB000CCBD1 /* category.json */ = {isa = PBXFileReference; fileEncoding = 4; lastKnownFileType = text.json; path = category.json; sourceTree = "<group>"; };
		70A27CE82687A5BB000CCBD1 /* player.json */ = {isa = PBXFileReference; fileEncoding = 4; lastKnownFileType = text.json; path = player.json; sourceTree = "<group>"; };
		70A27CE92687A5BB000CCBD1 /* product.json */ = {isa = PBXFileReference; fileEncoding = 4; lastKnownFileType = text.json; path = product.json; sourceTree = "<group>"; };
		70A27CEA2687A5BB000CCBD1 /* brand.json */ = {isa = PBXFileReference; fileEncoding = 4; lastKnownFileType = text.json; path = brand.json; sourceTree = "<group>"; };
		70A27CF82687A740000CCBD1 /* Constants.swift */ = {isa = PBXFileReference; lastKnownFileType = sourcecode.swift; path = Constants.swift; sourceTree = "<group>"; };
		70A27CFA2687A7F0000CCBD1 /* FooterView.swift */ = {isa = PBXFileReference; lastKnownFileType = sourcecode.swift; path = FooterView.swift; sourceTree = "<group>"; };
		70A27CFC2687AA56000CCBD1 /* NavigationBarView.swift */ = {isa = PBXFileReference; lastKnownFileType = sourcecode.swift; path = NavigationBarView.swift; sourceTree = "<group>"; };
		70A27CFE2687AB47000CCBD1 /* LogoView.swift */ = {isa = PBXFileReference; lastKnownFileType = sourcecode.swift; path = LogoView.swift; sourceTree = "<group>"; };
		70A27D002687BD54000CCBD1 /* PlayerModel.swift */ = {isa = PBXFileReference; lastKnownFileType = sourcecode.swift; path = PlayerModel.swift; sourceTree = "<group>"; };
		70A27D022687BD86000CCBD1 /* CodableBundleExtension.swift */ = {isa = PBXFileReference; lastKnownFileType = sourcecode.swift; path = CodableBundleExtension.swift; sourceTree = "<group>"; };
		70A27D042687BECE000CCBD1 /* FeaturedItemView.swift */ = {isa = PBXFileReference; lastKnownFileType = sourcecode.swift; path = FeaturedItemView.swift; sourceTree = "<group>"; };
		70A27D062687BF49000CCBD1 /* FeaturedTabView.swift */ = {isa = PBXFileReference; lastKnownFileType = sourcecode.swift; path = FeaturedTabView.swift; sourceTree = "<group>"; };
		70A27D082687C419000CCBD1 /* CategoryModel.swift */ = {isa = PBXFileReference; lastKnownFileType = sourcecode.swift; path = CategoryModel.swift; sourceTree = "<group>"; };
		70A27D0A2687C56D000CCBD1 /* CategoryItemView.swift */ = {isa = PBXFileReference; lastKnownFileType = sourcecode.swift; path = CategoryItemView.swift; sourceTree = "<group>"; };
		70A27D0C2687C690000CCBD1 /* CategoryGridView.swift */ = {isa = PBXFileReference; lastKnownFileType = sourcecode.swift; path = CategoryGridView.swift; sourceTree = "<group>"; };
		70A27D0E2687C829000CCBD1 /* SectionView.swift */ = {isa = PBXFileReference; lastKnownFileType = sourcecode.swift; path = SectionView.swift; sourceTree = "<group>"; };
		70A27D102687C9EF000CCBD1 /* TitleView.swift */ = {isa = PBXFileReference; lastKnownFileType = sourcecode.swift; path = TitleView.swift; sourceTree = "<group>"; };
		70A27D122687CA9F000CCBD1 /* ProductModel.swift */ = {isa = PBXFileReference; lastKnownFileType = sourcecode.swift; path = ProductModel.swift; sourceTree = "<group>"; };
		70A27D142687CB32000CCBD1 /* ProductItemView.swift */ = {isa = PBXFileReference; lastKnownFileType = sourcecode.swift; path = ProductItemView.swift; sourceTree = "<group>"; };
		70A27D162687CDC5000CCBD1 /* BrandModel.swift */ = {isa = PBXFileReference; lastKnownFileType = sourcecode.swift; path = BrandModel.swift; sourceTree = "<group>"; };
		70A27D182687CE35000CCBD1 /* BrandItemView.swift */ = {isa = PBXFileReference; lastKnownFileType = sourcecode.swift; path = BrandItemView.swift; sourceTree = "<group>"; };
		70A27D1A2687CEBC000CCBD1 /* BrandGridView.swift */ = {isa = PBXFileReference; lastKnownFileType = sourcecode.swift; path = BrandGridView.swift; sourceTree = "<group>"; };
		70A27D1C2687DE10000CCBD1 /* ProductDetailView.swift */ = {isa = PBXFileReference; lastKnownFileType = sourcecode.swift; path = ProductDetailView.swift; sourceTree = "<group>"; };
		70A27D1E2687DEEB000CCBD1 /* NagivationBarDetailView.swift */ = {isa = PBXFileReference; lastKnownFileType = sourcecode.swift; path = NagivationBarDetailView.swift; sourceTree = "<group>"; };
		70A27D202687E005000CCBD1 /* HeaderDetailView.swift */ = {isa = PBXFileReference; lastKnownFileType = sourcecode.swift; path = HeaderDetailView.swift; sourceTree = "<group>"; };
		70A27D222687E0DA000CCBD1 /* TopPartDetailView.swift */ = {isa = PBXFileReference; lastKnownFileType = sourcecode.swift; path = TopPartDetailView.swift; sourceTree = "<group>"; };
		70A27D242687E396000CCBD1 /* CustomShape.swift */ = {isa = PBXFileReference; lastKnownFileType = sourcecode.swift; path = CustomShape.swift; sourceTree = "<group>"; };
		70A27D262687E734000CCBD1 /* RatingsSizesDetailView.swift */ = {isa = PBXFileReference; lastKnownFileType = sourcecode.swift; path = RatingsSizesDetailView.swift; sourceTree = "<group>"; };
		70A27D282687E9CC000CCBD1 /* QuantityFavouriteDetailView.swift */ = {isa = PBXFileReference; lastKnownFileType = sourcecode.swift; path = QuantityFavouriteDetailView.swift; sourceTree = "<group>"; };
		70A27D2A2687EBE0000CCBD1 /* AddToCartDetailView.swift */ = {isa = PBXFileReference; lastKnownFileType = sourcecode.swift; path = AddToCartDetailView.swift; sourceTree = "<group>"; };
		70A27D2C2687EDB5000CCBD1 /* Shop.swift */ = {isa = PBXFileReference; lastKnownFileType = sourcecode.swift; path = Shop.swift; sourceTree = "<group>"; };
/* End PBXFileReference section */

/* Begin PBXFrameworksBuildPhase section */
		70A27CD22687A4E1000CCBD1 /* Frameworks */ = {
			isa = PBXFrameworksBuildPhase;
			buildActionMask = 2147483647;
			files = (
			);
			runOnlyForDeploymentPostprocessing = 0;
		};
/* End PBXFrameworksBuildPhase section */

/* Begin PBXGroup section */
		70A27CCC2687A4E1000CCBD1 = {
			isa = PBXGroup;
			children = (
				70A27CD72687A4E1000CCBD1 /* Touchdown */,
				70A27CD62687A4E1000CCBD1 /* Products */,
			);
			sourceTree = "<group>";
		};
		70A27CD62687A4E1000CCBD1 /* Products */ = {
			isa = PBXGroup;
			children = (
				70A27CD52687A4E1000CCBD1 /* Touchdown.app */,
			);
			name = Products;
			sourceTree = "<group>";
		};
		70A27CD72687A4E1000CCBD1 /* Touchdown */ = {
			isa = PBXGroup;
			children = (
				70A27CF72687A718000CCBD1 /* Utility */,
				70A27CF62687A70F000CCBD1 /* Extension */,
				70A27CF52687A6F8000CCBD1 /* Model */,
				70A27CF22687A6D3000CCBD1 /* View */,
				70A27CF12687A6CB000CCBD1 /* App */,
				70A27CEF2687A5C3000CCBD1 /* Data */,
				70A27CDC2687A4E3000CCBD1 /* Assets.xcassets */,
				70A27CE12687A4E3000CCBD1 /* Info.plist */,
				70A27CDE2687A4E3000CCBD1 /* Preview Content */,
			);
			path = Touchdown;
			sourceTree = "<group>";
		};
		70A27CDE2687A4E3000CCBD1 /* Preview Content */ = {
			isa = PBXGroup;
			children = (
				70A27CDF2687A4E3000CCBD1 /* Preview Assets.xcassets */,
			);
			path = "Preview Content";
			sourceTree = "<group>";
		};
		70A27CEF2687A5C3000CCBD1 /* Data */ = {
			isa = PBXGroup;
			children = (
				70A27CEA2687A5BB000CCBD1 /* brand.json */,
				70A27CE72687A5BB000CCBD1 /* category.json */,
				70A27CE82687A5BB000CCBD1 /* player.json */,
				70A27CE92687A5BB000CCBD1 /* product.json */,
			);
			path = Data;
			sourceTree = "<group>";
		};
		70A27CF12687A6CB000CCBD1 /* App */ = {
			isa = PBXGroup;
			children = (
				70A27CD82687A4E1000CCBD1 /* TouchdownApp.swift */,
				70A27CDA2687A4E1000CCBD1 /* ContentView.swift */,
				70A27D1C2687DE10000CCBD1 /* ProductDetailView.swift */,
			);
			path = App;
			sourceTree = "<group>";
		};
		70A27CF22687A6D3000CCBD1 /* View */ = {
			isa = PBXGroup;
			children = (
				70A27CF32687A6DC000CCBD1 /* Home */,
				70A27CF42687A6E4000CCBD1 /* Detail */,
			);
			path = View;
			sourceTree = "<group>";
		};
		70A27CF32687A6DC000CCBD1 /* Home */ = {
			isa = PBXGroup;
			children = (
				70A27CFA2687A7F0000CCBD1 /* FooterView.swift */,
				70A27CFC2687AA56000CCBD1 /* NavigationBarView.swift */,
				70A27CFE2687AB47000CCBD1 /* LogoView.swift */,
				70A27D042687BECE000CCBD1 /* FeaturedItemView.swift */,
				70A27D062687BF49000CCBD1 /* FeaturedTabView.swift */,
				70A27D0A2687C56D000CCBD1 /* CategoryItemView.swift */,
				70A27D0C2687C690000CCBD1 /* CategoryGridView.swift */,
				70A27D0E2687C829000CCBD1 /* SectionView.swift */,
				70A27D102687C9EF000CCBD1 /* TitleView.swift */,
				70A27D142687CB32000CCBD1 /* ProductItemView.swift */,
				70A27D182687CE35000CCBD1 /* BrandItemView.swift */,
				70A27D1A2687CEBC000CCBD1 /* BrandGridView.swift */,
			);
			path = Home;
			sourceTree = "<group>";
		};
		70A27CF42687A6E4000CCBD1 /* Detail */ = {
			isa = PBXGroup;
			children = (
				70A27D1E2687DEEB000CCBD1 /* NagivationBarDetailView.swift */,
				70A27D202687E005000CCBD1 /* HeaderDetailView.swift */,
				70A27D222687E0DA000CCBD1 /* TopPartDetailView.swift */,
				70A27D262687E734000CCBD1 /* RatingsSizesDetailView.swift */,
				70A27D282687E9CC000CCBD1 /* QuantityFavouriteDetailView.swift */,
				70A27D2A2687EBE0000CCBD1 /* AddToCartDetailView.swift */,
			);
			path = Detail;
			sourceTree = "<group>";
		};
		70A27CF52687A6F8000CCBD1 /* Model */ = {
			isa = PBXGroup;
			children = (
				70A27D002687BD54000CCBD1 /* PlayerModel.swift */,
				70A27D082687C419000CCBD1 /* CategoryModel.swift */,
				70A27D122687CA9F000CCBD1 /* ProductModel.swift */,
				70A27D162687CDC5000CCBD1 /* BrandModel.swift */,
			);
			path = Model;
			sourceTree = "<group>";
		};
		70A27CF62687A70F000CCBD1 /* Extension */ = {
			isa = PBXGroup;
			children = (
				70A27D022687BD86000CCBD1 /* CodableBundleExtension.swift */,
			);
			path = Extension;
			sourceTree = "<group>";
		};
		70A27CF72687A718000CCBD1 /* Utility */ = {
			isa = PBXGroup;
			children = (
				70A27CF82687A740000CCBD1 /* Constants.swift */,
				70A27D242687E396000CCBD1 /* CustomShape.swift */,
				70A27D2C2687EDB5000CCBD1 /* Shop.swift */,
			);
			path = Utility;
			sourceTree = "<group>";
		};
/* End PBXGroup section */

/* Begin PBXNativeTarget section */
		70A27CD42687A4E1000CCBD1 /* Touchdown */ = {
			isa = PBXNativeTarget;
			buildConfigurationList = 70A27CE42687A4E3000CCBD1 /* Build configuration list for PBXNativeTarget "Touchdown" */;
			buildPhases = (
				70A27CD12687A4E1000CCBD1 /* Sources */,
				70A27CD22687A4E1000CCBD1 /* Frameworks */,
				70A27CD32687A4E1000CCBD1 /* Resources */,
			);
			buildRules = (
			);
			dependencies = (
			);
			name = Touchdown;
			productName = Touchdown;
			productReference = 70A27CD52687A4E1000CCBD1 /* Touchdown.app */;
			productType = "com.apple.product-type.application";
		};
/* End PBXNativeTarget section */

/* Begin PBXProject section */
		70A27CCD2687A4E1000CCBD1 /* Project object */ = {
			isa = PBXProject;
			attributes = {
				LastSwiftUpdateCheck = 1250;
				LastUpgradeCheck = 1250;
				TargetAttributes = {
					70A27CD42687A4E1000CCBD1 = {
						CreatedOnToolsVersion = 12.5.1;
					};
				};
			};
			buildConfigurationList = 70A27CD02687A4E1000CCBD1 /* Build configuration list for PBXProject "Touchdown" */;
			compatibilityVersion = "Xcode 9.3";
			developmentRegion = en;
			hasScannedForEncodings = 0;
			knownRegions = (
				en,
				Base,
			);
			mainGroup = 70A27CCC2687A4E1000CCBD1;
			productRefGroup = 70A27CD62687A4E1000CCBD1 /* Products */;
			projectDirPath = "";
			projectRoot = "";
			targets = (
				70A27CD42687A4E1000CCBD1 /* Touchdown */,
			);
		};
/* End PBXProject section */

/* Begin PBXResourcesBuildPhase section */
		70A27CD32687A4E1000CCBD1 /* Resources */ = {
			isa = PBXResourcesBuildPhase;
			buildActionMask = 2147483647;
			files = (
				70A27CEC2687A5BB000CCBD1 /* player.json in Resources */,
				70A27CEB2687A5BB000CCBD1 /* category.json in Resources */,
				70A27CE02687A4E3000CCBD1 /* Preview Assets.xcassets in Resources */,
				70A27CDD2687A4E3000CCBD1 /* Assets.xcassets in Resources */,
				70A27CED2687A5BB000CCBD1 /* product.json in Resources */,
				70A27CEE2687A5BB000CCBD1 /* brand.json in Resources */,
			);
			runOnlyForDeploymentPostprocessing = 0;
		};
/* End PBXResourcesBuildPhase section */

/* Begin PBXSourcesBuildPhase section */
		70A27CD12687A4E1000CCBD1 /* Sources */ = {
			isa = PBXSourcesBuildPhase;
			buildActionMask = 2147483647;
			files = (
				70A27D032687BD86000CCBD1 /* CodableBundleExtension.swift in Sources */,
				70A27D212687E005000CCBD1 /* HeaderDetailView.swift in Sources */,
				70A27D232687E0DA000CCBD1 /* TopPartDetailView.swift in Sources */,
				70A27CDB2687A4E1000CCBD1 /* ContentView.swift in Sources */,
				70A27CFF2687AB47000CCBD1 /* LogoView.swift in Sources */,
				70A27CFB2687A7F0000CCBD1 /* FooterView.swift in Sources */,
				70A27D052687BECE000CCBD1 /* FeaturedItemView.swift in Sources */,
				70A27D152687CB32000CCBD1 /* ProductItemView.swift in Sources */,
				70A27D2B2687EBE0000CCBD1 /* AddToCartDetailView.swift in Sources */,
				70A27D1B2687CEBC000CCBD1 /* BrandGridView.swift in Sources */,
				70A27D272687E734000CCBD1 /* RatingsSizesDetailView.swift in Sources */,
				70A27CD92687A4E1000CCBD1 /* TouchdownApp.swift in Sources */,
				70A27D1D2687DE10000CCBD1 /* ProductDetailView.swift in Sources */,
				70A27CF92687A740000CCBD1 /* Constants.swift in Sources */,
				70A27D0D2687C690000CCBD1 /* CategoryGridView.swift in Sources */,
				70A27D1F2687DEEB000CCBD1 /* NagivationBarDetailView.swift in Sources */,
				70A27D092687C419000CCBD1 /* CategoryModel.swift in Sources */,
				70A27CFD2687AA56000CCBD1 /* NavigationBarView.swift in Sources */,
				70A27D0F2687C829000CCBD1 /* SectionView.swift in Sources */,
				70A27D192687CE36000CCBD1 /* BrandItemView.swift in Sources */,
				70A27D0B2687C56D000CCBD1 /* CategoryItemView.swift in Sources */,
				70A27D072687BF49000CCBD1 /* FeaturedTabView.swift in Sources */,
				70A27D252687E396000CCBD1 /* CustomShape.swift in Sources */,
				70A27D012687BD54000CCBD1 /* PlayerModel.swift in Sources */,
				70A27D2D2687EDB5000CCBD1 /* Shop.swift in Sources */,
				70A27D172687CDC5000CCBD1 /* BrandModel.swift in Sources */,
				70A27D112687C9EF000CCBD1 /* TitleView.swift in Sources */,
				70A27D292687E9CC000CCBD1 /* QuantityFavouriteDetailView.swift in Sources */,
				70A27D132687CA9F000CCBD1 /* ProductModel.swift in Sources */,
			);
			runOnlyForDeploymentPostprocessing = 0;
		};
/* End PBXSourcesBuildPhase section */

/* Begin XCBuildConfiguration section */
		70A27CE22687A4E3000CCBD1 /* Debug */ = {
			isa = XCBuildConfiguration;
			buildSettings = {
				ALWAYS_SEARCH_USER_PATHS = NO;
				CLANG_ANALYZER_NONNULL = YES;
				CLANG_ANALYZER_NUMBER_OBJECT_CONVERSION = YES_AGGRESSIVE;
				CLANG_CXX_LANGUAGE_STANDARD = "gnu++14";
				CLANG_CXX_LIBRARY = "libc++";
				CLANG_ENABLE_MODULES = YES;
				CLANG_ENABLE_OBJC_ARC = YES;
				CLANG_ENABLE_OBJC_WEAK = YES;
				CLANG_WARN_BLOCK_CAPTURE_AUTORELEASING = YES;
				CLANG_WARN_BOOL_CONVERSION = YES;
				CLANG_WARN_COMMA = YES;
				CLANG_WARN_CONSTANT_CONVERSION = YES;
				CLANG_WARN_DEPRECATED_OBJC_IMPLEMENTATIONS = YES;
				CLANG_WARN_DIRECT_OBJC_ISA_USAGE = YES_ERROR;
				CLANG_WARN_DOCUMENTATION_COMMENTS = YES;
				CLANG_WARN_EMPTY_BODY = YES;
				CLANG_WARN_ENUM_CONVERSION = YES;
				CLANG_WARN_INFINITE_RECURSION = YES;
				CLANG_WARN_INT_CONVERSION = YES;
				CLANG_WARN_NON_LITERAL_NULL_CONVERSION = YES;
				CLANG_WARN_OBJC_IMPLICIT_RETAIN_SELF = YES;
				CLANG_WARN_OBJC_LITERAL_CONVERSION = YES;
				CLANG_WARN_OBJC_ROOT_CLASS = YES_ERROR;
				CLANG_WARN_QUOTED_INCLUDE_IN_FRAMEWORK_HEADER = YES;
				CLANG_WARN_RANGE_LOOP_ANALYSIS = YES;
				CLANG_WARN_STRICT_PROTOTYPES = YES;
				CLANG_WARN_SUSPICIOUS_MOVE = YES;
				CLANG_WARN_UNGUARDED_AVAILABILITY = YES_AGGRESSIVE;
				CLANG_WARN_UNREACHABLE_CODE = YES;
				CLANG_WARN__DUPLICATE_METHOD_MATCH = YES;
				COPY_PHASE_STRIP = NO;
				DEBUG_INFORMATION_FORMAT = dwarf;
				ENABLE_STRICT_OBJC_MSGSEND = YES;
				ENABLE_TESTABILITY = YES;
				GCC_C_LANGUAGE_STANDARD = gnu11;
				GCC_DYNAMIC_NO_PIC = NO;
				GCC_NO_COMMON_BLOCKS = YES;
				GCC_OPTIMIZATION_LEVEL = 0;
				GCC_PREPROCESSOR_DEFINITIONS = (
					"DEBUG=1",
					"$(inherited)",
				);
				GCC_WARN_64_TO_32_BIT_CONVERSION = YES;
				GCC_WARN_ABOUT_RETURN_TYPE = YES_ERROR;
				GCC_WARN_UNDECLARED_SELECTOR = YES;
				GCC_WARN_UNINITIALIZED_AUTOS = YES_AGGRESSIVE;
				GCC_WARN_UNUSED_FUNCTION = YES;
				GCC_WARN_UNUSED_VARIABLE = YES;
				IPHONEOS_DEPLOYMENT_TARGET = 14.5;
				MTL_ENABLE_DEBUG_INFO = INCLUDE_SOURCE;
				MTL_FAST_MATH = YES;
				ONLY_ACTIVE_ARCH = YES;
				SDKROOT = iphoneos;
				SWIFT_ACTIVE_COMPILATION_CONDITIONS = DEBUG;
				SWIFT_OPTIMIZATION_LEVEL = "-Onone";
			};
			name = Debug;
		};
		70A27CE32687A4E3000CCBD1 /* Release */ = {
			isa = XCBuildConfiguration;
			buildSettings = {
				ALWAYS_SEARCH_USER_PATHS = NO;
				CLANG_ANALYZER_NONNULL = YES;
				CLANG_ANALYZER_NUMBER_OBJECT_CONVERSION = YES_AGGRESSIVE;
				CLANG_CXX_LANGUAGE_STANDARD = "gnu++14";
				CLANG_CXX_LIBRARY = "libc++";
				CLANG_ENABLE_MODULES = YES;
				CLANG_ENABLE_OBJC_ARC = YES;
				CLANG_ENABLE_OBJC_WEAK = YES;
				CLANG_WARN_BLOCK_CAPTURE_AUTORELEASING = YES;
				CLANG_WARN_BOOL_CONVERSION = YES;
				CLANG_WARN_COMMA = YES;
				CLANG_WARN_CONSTANT_CONVERSION = YES;
				CLANG_WARN_DEPRECATED_OBJC_IMPLEMENTATIONS = YES;
				CLANG_WARN_DIRECT_OBJC_ISA_USAGE = YES_ERROR;
				CLANG_WARN_DOCUMENTATION_COMMENTS = YES;
				CLANG_WARN_EMPTY_BODY = YES;
				CLANG_WARN_ENUM_CONVERSION = YES;
				CLANG_WARN_INFINITE_RECURSION = YES;
				CLANG_WARN_INT_CONVERSION = YES;
				CLANG_WARN_NON_LITERAL_NULL_CONVERSION = YES;
				CLANG_WARN_OBJC_IMPLICIT_RETAIN_SELF = YES;
				CLANG_WARN_OBJC_LITERAL_CONVERSION = YES;
				CLANG_WARN_OBJC_ROOT_CLASS = YES_ERROR;
				CLANG_WARN_QUOTED_INCLUDE_IN_FRAMEWORK_HEADER = YES;
				CLANG_WARN_RANGE_LOOP_ANALYSIS = YES;
				CLANG_WARN_STRICT_PROTOTYPES = YES;
				CLANG_WARN_SUSPICIOUS_MOVE = YES;
				CLANG_WARN_UNGUARDED_AVAILABILITY = YES_AGGRESSIVE;
				CLANG_WARN_UNREACHABLE_CODE = YES;
				CLANG_WARN__DUPLICATE_METHOD_MATCH = YES;
				COPY_PHASE_STRIP = NO;
				DEBUG_INFORMATION_FORMAT = "dwarf-with-dsym";
				ENABLE_NS_ASSERTIONS = NO;
				ENABLE_STRICT_OBJC_MSGSEND = YES;
				GCC_C_LANGUAGE_STANDARD = gnu11;
				GCC_NO_COMMON_BLOCKS = YES;
				GCC_WARN_64_TO_32_BIT_CONVERSION = YES;
				GCC_WARN_ABOUT_RETURN_TYPE = YES_ERROR;
				GCC_WARN_UNDECLARED_SELECTOR = YES;
				GCC_WARN_UNINITIALIZED_AUTOS = YES_AGGRESSIVE;
				GCC_WARN_UNUSED_FUNCTION = YES;
				GCC_WARN_UNUSED_VARIABLE = YES;
				IPHONEOS_DEPLOYMENT_TARGET = 14.5;
				MTL_ENABLE_DEBUG_INFO = NO;
				MTL_FAST_MATH = YES;
				SDKROOT = iphoneos;
				SWIFT_COMPILATION_MODE = wholemodule;
				SWIFT_OPTIMIZATION_LEVEL = "-O";
				VALIDATE_PRODUCT = YES;
			};
			name = Release;
		};
		70A27CE52687A4E3000CCBD1 /* Debug */ = {
			isa = XCBuildConfiguration;
			buildSettings = {
				ASSETCATALOG_COMPILER_APPICON_NAME = AppIcon;
				ASSETCATALOG_COMPILER_GLOBAL_ACCENT_COLOR_NAME = AccentColor;
				CODE_SIGN_STYLE = Automatic;
				DEVELOPMENT_ASSET_PATHS = "\"Touchdown/Preview Content\"";
				DEVELOPMENT_TEAM = 3SG8WAVD36;
				ENABLE_PREVIEWS = YES;
				INFOPLIST_FILE = Touchdown/Info.plist;
				IPHONEOS_DEPLOYMENT_TARGET = 14.0;
				LD_RUNPATH_SEARCH_PATHS = (
					"$(inherited)",
					"@executable_path/Frameworks",
				);
				PRODUCT_BUNDLE_IDENTIFIER = com.enjoyingourlives.Touchdown;
				PRODUCT_NAME = "$(TARGET_NAME)";
				SWIFT_VERSION = 5.0;
				TARGETED_DEVICE_FAMILY = "1,2";
			};
			name = Debug;
		};
		70A27CE62687A4E3000CCBD1 /* Release */ = {
			isa = XCBuildConfiguration;
			buildSettings = {
				ASSETCATALOG_COMPILER_APPICON_NAME = AppIcon;
				ASSETCATALOG_COMPILER_GLOBAL_ACCENT_COLOR_NAME = AccentColor;
				CODE_SIGN_STYLE = Automatic;
				DEVELOPMENT_ASSET_PATHS = "\"Touchdown/Preview Content\"";
				DEVELOPMENT_TEAM = 3SG8WAVD36;
				ENABLE_PREVIEWS = YES;
				INFOPLIST_FILE = Touchdown/Info.plist;
				IPHONEOS_DEPLOYMENT_TARGET = 14.0;
				LD_RUNPATH_SEARCH_PATHS = (
					"$(inherited)",
					"@executable_path/Frameworks",
				);
				PRODUCT_BUNDLE_IDENTIFIER = com.enjoyingourlives.Touchdown;
				PRODUCT_NAME = "$(TARGET_NAME)";
				SWIFT_VERSION = 5.0;
				TARGETED_DEVICE_FAMILY = "1,2";
			};
			name = Release;
		};
/* End XCBuildConfiguration section */

/* Begin XCConfigurationList section */
		70A27CD02687A4E1000CCBD1 /* Build configuration list for PBXProject "Touchdown" */ = {
			isa = XCConfigurationList;
			buildConfigurations = (
				70A27CE22687A4E3000CCBD1 /* Debug */,
				70A27CE32687A4E3000CCBD1 /* Release */,
			);
			defaultConfigurationIsVisible = 0;
			defaultConfigurationName = Release;
		};
		70A27CE42687A4E3000CCBD1 /* Build configuration list for PBXNativeTarget "Touchdown" */ = {
			isa = XCConfigurationList;
			buildConfigurations = (
				70A27CE52687A4E3000CCBD1 /* Debug */,
				70A27CE62687A4E3000CCBD1 /* Release */,
			);
			defaultConfigurationIsVisible = 0;
			defaultConfigurationName = Release;
		};
/* End XCConfigurationList section */
	};
	rootObject = 70A27CCD2687A4E1000CCBD1 /* Project object */;
}
